
Microsoft Visual Studio Solution File, Format Version 12.00
# Visual Studio Version 17
VisualStudioVersion = 17.4.33205.214
MinimumVisualStudioVersion = 10.0.40219.1
Project("{FAE04EC0-301F-11D3-BF4B-00C04F79EFBC}") = "OOP20230228", "OOP20230228\OOP20230228.csproj", "{5216B869-D12B-4861-995E-DA9D80E8E1C5}"
EndProject
Global
	GlobalSection(SolutionConfigurationPlatforms) = preSolution
		Debug|Any CPU = Debug|Any CPU
		Release|Any CPU = Release|Any CPU
	EndGlobalSection
	GlobalSection(ProjectConfigurationPlatforms) = postSolution
		{5216B869-D12B-4861-995E-DA9D80E8E1C5}.Debug|Any CPU.ActiveCfg = Debug|Any CPU
		{5216B869-D12B-4861-995E-DA9D80E8E1C5}.Debug|Any CPU.Build.0 = Debug|Any CPU
		{5216B869-D12B-4861-995E-DA9D80E8E1C5}.Release|Any CPU.ActiveCfg = Release|Any CPU
		{5216B869-D12B-4861-995E-DA9D80E8E1C5}.Release|Any CPU.Build.0 = Release|Any CPU
	EndGlobalSection
	GlobalSection(SolutionProperties) = preSolution
		HideSolutionNode = FALSE
	EndGlobalSection
	GlobalSection(ExtensibilityGlobals) = postSolution
		SolutionGuid = {F6661162-6BDA-48E6-AA11-AF54B12FA804}
	EndGlobalSection
EndGlobal
